
Microsoft Visual Studio Solution File, Format Version 12.00
# Visual Studio Version 17
VisualStudioVersion = 17.6.33723.286
MinimumVisualStudioVersion = 10.0.40219.1
Project("{FAE04EC0-301F-11D3-BF4B-00C04F79EFBC}") = "Addition", "Addition\Addition.csproj", "{CCCACF03-3D64-4B41-8FE5-7FEA5841E025}"
EndProject
Global
	GlobalSection(SolutionConfigurationPlatforms) = preSolution
		Debug|Any CPU = Debug|Any CPU
		Release|Any CPU = Release|Any CPU
	EndGlobalSection
	GlobalSection(ProjectConfigurationPlatforms) = postSolution
		{CCCACF03-3D64-4B41-8FE5-7FEA5841E025}.Debug|Any CPU.ActiveCfg = Debug|Any CPU
		{CCCACF03-3D64-4B41-8FE5-7FEA5841E025}.Debug|Any CPU.Build.0 = Debug|Any CPU
		{CCCACF03-3D64-4B41-8FE5-7FEA5841E025}.Release|Any CPU.ActiveCfg = Release|Any CPU
		{CCCACF03-3D64-4B41-8FE5-7FEA5841E025}.Release|Any CPU.Build.0 = Release|Any CPU
	EndGlobalSection
	GlobalSection(SolutionProperties) = preSolution
		HideSolutionNode = FALSE
	EndGlobalSection
	GlobalSection(ExtensibilityGlobals) = postSolution
		SolutionGuid = {9E44FED4-FDB7-4789-A2AA-8464278AA253}
	EndGlobalSection
EndGlobal
